<?xml version="1.0" encoding="utf-8"?>
<Project ToolsVersion="4.0" xmlns="http://schemas.microsoft.com/developer/msbuild/2003">
  <ItemGroup>
    <Filter Include="소스 파일">
      <UniqueIdentifier>{4FC737F1-C7A5-4376-A066-2A32D752A2FF}</UniqueIdentifier>
      <Extensions>cpp;c;cc;cxx;c++;def;odl;idl;hpj;bat;asm;asmx</Extensions>
    </Filter>
    <Filter Include="리소스 파일">
      <UniqueIdentifier>{67DA6AB6-F800-4c08-8B7A-83BB121AAD01}</UniqueIdentifier>
      <Extensions>rc;ico;cur;bmp;dlg;rc2;rct;bin;rgs;gif;jpg;jpeg;jpe;resx;tiff;tif;png;wav;mfcribbon-ms</Extensions>
    </Filter>
    <Filter Include="소스 파일\main">
      <UniqueIdentifier>{0554670b-3ae0-4d71-8055-f40a260f7753}</UniqueIdentifier>
    </Filter>
    <Filter Include="소스 파일\Library">
      <UniqueIdentifier>{6c0f367d-036e-40fd-a5f1-51fb4c92c0c5}</UniqueIdentifier>
    </Filter>
    <Filter Include="소스 파일\stdafx">
      <UniqueIdentifier>{ba5d0b2b-10b8-4ae5-8cb4-33954874ee6b}</UniqueIdentifier>
    </Filter>
  </ItemGroup>
  <ItemGroup>
    <ClCompile Include="BinarySearchTree.cpp">
      <Filter>소스 파일\main</Filter>
    </ClCompile>
    <ClCompile Include="CBSearchTree.cpp">
      <Filter>소스 파일\Library</Filter>
    </ClCompile>
    <ClCompile Include="stdafx.cpp">
      <Filter>소스 파일\stdafx</Filter>
    </ClCompile>
  </ItemGroup>
  <ItemGroup>
    <ClInclude Include="CBSearchTree.h">
      <Filter>소스 파일\Library</Filter>
    </ClInclude>
    <ClInclude Include="stdafx.h">
      <Filter>소스 파일\stdafx</Filter>
    </ClInclude>
  </ItemGroup>
</Project>